Microsoft Visual Studio Solution File, Format Version 11.00
# Visual Studio 2008

Project("{277AF6A1-1E91-6A38-068B-99384255D90E}") = "initest", "Assembly-CSharp.csproj", "{A55B7F44-D57B-F4DA-90D1-5ADDB3031907}"
EndProject
Global
	GlobalSection(SolutionConfigurationPlatforms) = preSolution
		Debug|Any CPU = Debug|Any CPU
		Release|Any CPU = Release|Any CPU
	EndGlobalSection
	GlobalSection(ProjectConfigurationPlatforms) = postSolution
		{A55B7F44-D57B-F4DA-90D1-5ADDB3031907}.Debug|Any CPU.ActiveCfg = Debug|Any CPU
		{A55B7F44-D57B-F4DA-90D1-5ADDB3031907}.Debug|Any CPU.Build.0 = Debug|Any CPU
		{A55B7F44-D57B-F4DA-90D1-5ADDB3031907}.Release|Any CPU.ActiveCfg = Release|Any CPU
		{A55B7F44-D57B-F4DA-90D1-5ADDB3031907}.Release|Any CPU.Build.0 = Release|Any CPU
	EndGlobalSection
	GlobalSection(SolutionProperties) = preSolution
		HideSolutionNode = FALSE
	EndGlobalSection
	GlobalSection(MonoDevelopProperties) = preSolution
		StartupItem = Assembly-CSharp.csproj
	EndGlobalSection
EndGlobal
